
Microsoft Visual Studio Solution File, Format Version 12.00
# Visual Studio Version 17
Project("{8BC9CEB8-8B4A-11D0-8D11-00A0C91BC942}") = "ALL_BUILD", "ALL_BUILD.vcxproj", "{7C0755E0-41DD-33E9-A33E-844CE4DCF79E}"
	ProjectSection(ProjectDependencies) = postProject
		{DDD37339-4193-3C64-867A-0353F2C00A82} = {DDD37339-4193-3C64-867A-0353F2C00A82}
		{79387F96-A32B-319F-BFDA-6F4D00D16633} = {79387F96-A32B-319F-BFDA-6F4D00D16633}
	EndProjectSection
EndProject
Project("{8BC9CEB8-8B4A-11D0-8D11-00A0C91BC942}") = "MosaicFillingDetectionApp", "MosaicFillingDetectionApp.vcxproj", "{DDD37339-4193-3C64-867A-0353F2C00A82}"
	ProjectSection(ProjectDependencies) = postProject
		{79387F96-A32B-319F-BFDA-6F4D00D16633} = {79387F96-A32B-319F-BFDA-6F4D00D16633}
	EndProjectSection
EndProject
Project("{8BC9CEB8-8B4A-11D0-8D11-00A0C91BC942}") = "ZERO_CHECK", "ZERO_CHECK.vcxproj", "{79387F96-A32B-319F-BFDA-6F4D00D16633}"
	ProjectSection(ProjectDependencies) = postProject
	EndProjectSection
EndProject
Global
	GlobalSection(SolutionConfigurationPlatforms) = preSolution
		Debug|x64 = Debug|x64
		Release|x64 = Release|x64
		MinSizeRel|x64 = MinSizeRel|x64
		RelWithDebInfo|x64 = RelWithDebInfo|x64
	EndGlobalSection
	GlobalSection(ProjectConfigurationPlatforms) = postSolution
		{7C0755E0-41DD-33E9-A33E-844CE4DCF79E}.Debug|x64.ActiveCfg = Debug|x64
		{7C0755E0-41DD-33E9-A33E-844CE4DCF79E}.Release|x64.ActiveCfg = Release|x64
		{7C0755E0-41DD-33E9-A33E-844CE4DCF79E}.MinSizeRel|x64.ActiveCfg = MinSizeRel|x64
		{7C0755E0-41DD-33E9-A33E-844CE4DCF79E}.RelWithDebInfo|x64.ActiveCfg = RelWithDebInfo|x64
		{DDD37339-4193-3C64-867A-0353F2C00A82}.Debug|x64.ActiveCfg = Debug|x64
		{DDD37339-4193-3C64-867A-0353F2C00A82}.Debug|x64.Build.0 = Debug|x64
		{DDD37339-4193-3C64-867A-0353F2C00A82}.Release|x64.ActiveCfg = Release|x64
		{DDD37339-4193-3C64-867A-0353F2C00A82}.Release|x64.Build.0 = Release|x64
		{DDD37339-4193-3C64-867A-0353F2C00A82}.MinSizeRel|x64.ActiveCfg = MinSizeRel|x64
		{DDD37339-4193-3C64-867A-0353F2C00A82}.MinSizeRel|x64.Build.0 = MinSizeRel|x64
		{DDD37339-4193-3C64-867A-0353F2C00A82}.RelWithDebInfo|x64.ActiveCfg = RelWithDebInfo|x64
		{DDD37339-4193-3C64-867A-0353F2C00A82}.RelWithDebInfo|x64.Build.0 = RelWithDebInfo|x64
		{79387F96-A32B-319F-BFDA-6F4D00D16633}.Debug|x64.ActiveCfg = Debug|x64
		{79387F96-A32B-319F-BFDA-6F4D00D16633}.Debug|x64.Build.0 = Debug|x64
		{79387F96-A32B-319F-BFDA-6F4D00D16633}.Release|x64.ActiveCfg = Release|x64
		{79387F96-A32B-319F-BFDA-6F4D00D16633}.Release|x64.Build.0 = Release|x64
		{79387F96-A32B-319F-BFDA-6F4D00D16633}.MinSizeRel|x64.ActiveCfg = MinSizeRel|x64
		{79387F96-A32B-319F-BFDA-6F4D00D16633}.MinSizeRel|x64.Build.0 = MinSizeRel|x64
		{79387F96-A32B-319F-BFDA-6F4D00D16633}.RelWithDebInfo|x64.ActiveCfg = RelWithDebInfo|x64
		{79387F96-A32B-319F-BFDA-6F4D00D16633}.RelWithDebInfo|x64.Build.0 = RelWithDebInfo|x64
	EndGlobalSection
	GlobalSection(ExtensibilityGlobals) = postSolution
		SolutionGuid = {E4D50650-4123-316F-95F1-AA05BB9B30D8}
	EndGlobalSection
	GlobalSection(ExtensibilityAddIns) = postSolution
	EndGlobalSection
EndGlobal
